
Microsoft Visual Studio Solution File, Format Version 12.00
# Visual Studio Version 17
VisualStudioVersion = 17.14.36623.8 d17.14
MinimumVisualStudioVersion = 10.0.40219.1
Project("{FAE04EC0-301F-11D3-BF4B-00C04F79EFBC}") = "FTPFileUpload", "FTPFileUpload.csproj", "{4895ECA0-FB8F-41AB-8E8D-7C69AA41A853}"
EndProject
Global
	GlobalSection(SolutionConfigurationPlatforms) = preSolution
		Debug|Any CPU = Debug|Any CPU
		Release|Any CPU = Release|Any CPU
	EndGlobalSection
	GlobalSection(ProjectConfigurationPlatforms) = postSolution
		{4895ECA0-FB8F-41AB-8E8D-7C69AA41A853}.Debug|Any CPU.ActiveCfg = Debug|Any CPU
		{4895ECA0-FB8F-41AB-8E8D-7C69AA41A853}.Debug|Any CPU.Build.0 = Debug|Any CPU
		{4895ECA0-FB8F-41AB-8E8D-7C69AA41A853}.Release|Any CPU.ActiveCfg = Release|Any CPU
		{4895ECA0-FB8F-41AB-8E8D-7C69AA41A853}.Release|Any CPU.Build.0 = Release|Any CPU
	EndGlobalSection
	GlobalSection(SolutionProperties) = preSolution
		HideSolutionNode = FALSE
	EndGlobalSection
	GlobalSection(ExtensibilityGlobals) = postSolution
		SolutionGuid = {0893B783-58C3-4C42-A2AD-5FD80CF9005F}
	EndGlobalSection
EndGlobal
